// !$*UTF8*$!
{
	archiveVersion = 1;
	classes = {
	};
	objectVersion = 48;
	objects = {

/* Begin PBXBuildFile section */
		92F8E6E41FED12A6008770C2 /* AppDelegate.m in Sources */ = {isa = PBXBuildFile; fileRef = 92F8E6E31FED12A6008770C2 /* AppDelegate.m */; };
		92F8E6E71FED12A6008770C2 /* ViewController.mm in Sources */ = {isa = PBXBuildFile; fileRef = 92F8E6E61FED12A6008770C2 /* ViewController.mm */; };
		92F8E6EA1FED12A6008770C2 /* Main.storyboard in Resources */ = {isa = PBXBuildFile; fileRef = 92F8E6E81FED12A6008770C2 /* Main.storyboard */; };
		92F8E6EC1FED12A6008770C2 /* Assets.xcassets in Resources */ = {isa = PBXBuildFile; fileRef = 92F8E6EB1FED12A6008770C2 /* Assets.xcassets */; };
		92F8E6EF1FED12A6008770C2 /* LaunchScreen.storyboard in Resources */ = {isa = PBXBuildFile; fileRef = 92F8E6ED1FED12A6008770C2 /* LaunchScreen.storyboard */; };
		92F8E6F21FED12A6008770C2 /* main.m in Sources */ = {isa = PBXBuildFile; fileRef = 92F8E6F11FED12A6008770C2 /* main.m */; };
		92F8E70C1FED1FF9008770C2 /* Currency.cpp in Sources */ = {isa = PBXBuildFile; fileRef = 92F8E70B1FED1FF9008770C2 /* Currency.cpp */; };
		92F8E70F1FED201B008770C2 /* NetworkInterface.cpp in Sources */ = {isa = PBXBuildFile; fileRef = 92F8E70D1FED201B008770C2 /* NetworkInterface.cpp */; };
		92F8E7181FED48C2008770C2 /* NwImplShort.mm in Sources */ = {isa = PBXBuildFile; fileRef = 92F8E7161FED48C2008770C2 /* NwImplShort.mm */; };
/* End PBXBuildFile section */

/* Begin PBXFileReference section */
		92F8E6DF1FED12A6008770C2 /* TestApp.app */ = {isa = PBXFileReference; explicitFileType = wrapper.application; includeInIndex = 0; path = TestApp.app; sourceTree = BUILT_PRODUCTS_DIR; };
		92F8E6E21FED12A6008770C2 /* AppDelegate.h */ = {isa = PBXFileReference; lastKnownFileType = sourcecode.c.h; path = AppDelegate.h; sourceTree = "<group>"; };
		92F8E6E31FED12A6008770C2 /* AppDelegate.m */ = {isa = PBXFileReference; lastKnownFileType = sourcecode.c.objc; path = AppDelegate.m; sourceTree = "<group>"; };
		92F8E6E51FED12A6008770C2 /* ViewController.h */ = {isa = PBXFileReference; lastKnownFileType = sourcecode.c.h; path = ViewController.h; sourceTree = "<group>"; };
		92F8E6E61FED12A6008770C2 /* ViewController.mm */ = {isa = PBXFileReference; lastKnownFileType = sourcecode.cpp.objcpp; path = ViewController.mm; sourceTree = "<group>"; };
		92F8E6E91FED12A6008770C2 /* Base */ = {isa = PBXFileReference; lastKnownFileType = file.storyboard; name = Base; path = Base.lproj/Main.storyboard; sourceTree = "<group>"; };
		92F8E6EB1FED12A6008770C2 /* Assets.xcassets */ = {isa = PBXFileReference; lastKnownFileType = folder.assetcatalog; path = Assets.xcassets; sourceTree = "<group>"; };
		92F8E6EE1FED12A6008770C2 /* Base */ = {isa = PBXFileReference; lastKnownFileType = file.storyboard; name = Base; path = Base.lproj/LaunchScreen.storyboard; sourceTree = "<group>"; };
		92F8E6F01FED12A6008770C2 /* Info.plist */ = {isa = PBXFileReference; lastKnownFileType = text.plist.xml; path = Info.plist; sourceTree = "<group>"; };
		92F8E6F11FED12A6008770C2 /* main.m */ = {isa = PBXFileReference; lastKnownFileType = sourcecode.c.objc; path = main.m; sourceTree = "<group>"; };
		92F8E70A1FED1FF9008770C2 /* Currency.hpp */ = {isa = PBXFileReference; fileEncoding = 4; lastKnownFileType = sourcecode.cpp.h; path = Currency.hpp; sourceTree = "<group>"; };
		92F8E70B1FED1FF9008770C2 /* Currency.cpp */ = {isa = PBXFileReference; fileEncoding = 4; lastKnownFileType = sourcecode.cpp.cpp; path = Currency.cpp; sourceTree = "<group>"; };
		92F8E70D1FED201B008770C2 /* NetworkInterface.cpp */ = {isa = PBXFileReference; lastKnownFileType = sourcecode.cpp.cpp; path = NetworkInterface.cpp; sourceTree = "<group>"; };
		92F8E70E1FED201B008770C2 /* NetworkInterface.hpp */ = {isa = PBXFileReference; lastKnownFileType = sourcecode.cpp.h; path = NetworkInterface.hpp; sourceTree = "<group>"; };
		92F8E7161FED48C2008770C2 /* NwImplShort.mm */ = {isa = PBXFileReference; lastKnownFileType = sourcecode.cpp.objcpp; path = NwImplShort.mm; sourceTree = "<group>"; };
		92F8E7171FED48C2008770C2 /* NwImplShort.hpp */ = {isa = PBXFileReference; lastKnownFileType = sourcecode.cpp.h; path = NwImplShort.hpp; sourceTree = "<group>"; };
		92F8EC6E1FED6085008770C2 /* json.hpp */ = {isa = PBXFileReference; fileEncoding = 4; lastKnownFileType = sourcecode.cpp.h; path = json.hpp; sourceTree = "<group>"; };
/* End PBXFileReference section */

/* Begin PBXFrameworksBuildPhase section */
		92F8E6DC1FED12A6008770C2 /* Frameworks */ = {
			isa = PBXFrameworksBuildPhase;
			buildActionMask = 2147483647;
			files = (
			);
			runOnlyForDeploymentPostprocessing = 0;
		};
/* End PBXFrameworksBuildPhase section */

/* Begin PBXGroup section */
		92F8E6D61FED12A6008770C2 = {
			isa = PBXGroup;
			children = (
				92F8E7031FED14EC008770C2 /* TestAppCore */,
				92F8E7071FED1FA0008770C2 /* TestAppDependencyResolver */,
				92F8E6E11FED12A6008770C2 /* TestApp */,
				92F8E6E01FED12A6008770C2 /* Products */,
			);
			sourceTree = "<group>";
		};
		92F8E6E01FED12A6008770C2 /* Products */ = {
			isa = PBXGroup;
			children = (
				92F8E6DF1FED12A6008770C2 /* TestApp.app */,
			);
			name = Products;
			sourceTree = "<group>";
		};
		92F8E6E11FED12A6008770C2 /* TestApp */ = {
			isa = PBXGroup;
			children = (
				92F8E6E21FED12A6008770C2 /* AppDelegate.h */,
				92F8E6E31FED12A6008770C2 /* AppDelegate.m */,
				92F8E6E51FED12A6008770C2 /* ViewController.h */,
				92F8E6E61FED12A6008770C2 /* ViewController.mm */,
				92F8E6E81FED12A6008770C2 /* Main.storyboard */,
				92F8E6EB1FED12A6008770C2 /* Assets.xcassets */,
				92F8E6ED1FED12A6008770C2 /* LaunchScreen.storyboard */,
				92F8E6F01FED12A6008770C2 /* Info.plist */,
				92F8E6F11FED12A6008770C2 /* main.m */,
			);
			path = TestApp;
			sourceTree = "<group>";
		};
		92F8E7031FED14EC008770C2 /* TestAppCore */ = {
			isa = PBXGroup;
			children = (
				92F8E7191FED6083008770C2 /* Library */,
				92F8E7091FED1FF9008770C2 /* CoreEntities */,
				92F8E7081FED1FF9008770C2 /* Interfaces */,
			);
			path = TestAppCore;
			sourceTree = "<group>";
		};
		92F8E7071FED1FA0008770C2 /* TestAppDependencyResolver */ = {
			isa = PBXGroup;
			children = (
				92F8E7161FED48C2008770C2 /* NwImplShort.mm */,
				92F8E7171FED48C2008770C2 /* NwImplShort.hpp */,
			);
			path = TestAppDependencyResolver;
			sourceTree = "<group>";
		};
		92F8E7081FED1FF9008770C2 /* Interfaces */ = {
			isa = PBXGroup;
			children = (
				92F8E70D1FED201B008770C2 /* NetworkInterface.cpp */,
				92F8E70E1FED201B008770C2 /* NetworkInterface.hpp */,
			);
			path = Interfaces;
			sourceTree = "<group>";
		};
		92F8E7091FED1FF9008770C2 /* CoreEntities */ = {
			isa = PBXGroup;
			children = (
				92F8E70A1FED1FF9008770C2 /* Currency.hpp */,
				92F8E70B1FED1FF9008770C2 /* Currency.cpp */,
			);
			path = CoreEntities;
			sourceTree = "<group>";
		};
		92F8E7191FED6083008770C2 /* Library */ = {
			isa = PBXGroup;
			children = (
				92F8E71A1FED6083008770C2 /* json */,
			);
			path = Library;
			sourceTree = "<group>";
		};
		92F8E71A1FED6083008770C2 /* json */ = {
			isa = PBXGroup;
			children = (
				92F8EC6D1FED6085008770C2 /* src */,
			);
			path = json;
			sourceTree = "<group>";
		};
		92F8EC6D1FED6085008770C2 /* src */ = {
			isa = PBXGroup;
			children = (
				92F8EC6E1FED6085008770C2 /* json.hpp */,
			);
			path = src;
			sourceTree = "<group>";
		};
/* End PBXGroup section */

/* Begin PBXNativeTarget section */
		92F8E6DE1FED12A6008770C2 /* TestApp */ = {
			isa = PBXNativeTarget;
			buildConfigurationList = 92F8E6F51FED12A6008770C2 /* Build configuration list for PBXNativeTarget "TestApp" */;
			buildPhases = (
				92F8E6DB1FED12A6008770C2 /* Sources */,
				92F8E6DC1FED12A6008770C2 /* Frameworks */,
				92F8E6DD1FED12A6008770C2 /* Resources */,
			);
			buildRules = (
			);
			dependencies = (
			);
			name = TestApp;
			productName = TestApp;
			productReference = 92F8E6DF1FED12A6008770C2 /* TestApp.app */;
			productType = "com.apple.product-type.application";
		};
/* End PBXNativeTarget section */

/* Begin PBXProject section */
		92F8E6D71FED12A6008770C2 /* Project object */ = {
			isa = PBXProject;
			attributes = {
				LastUpgradeCheck = 0910;
				ORGANIZATIONNAME = "Gulshan Mandal";
				TargetAttributes = {
					92F8E6DE1FED12A6008770C2 = {
						CreatedOnToolsVersion = 9.1;
						ProvisioningStyle = Automatic;
					};
				};
			};
			buildConfigurationList = 92F8E6DA1FED12A6008770C2 /* Build configuration list for PBXProject "TestApp" */;
			compatibilityVersion = "Xcode 8.0";
			developmentRegion = en;
			hasScannedForEncodings = 0;
			knownRegions = (
				en,
				Base,
			);
			mainGroup = 92F8E6D61FED12A6008770C2;
			productRefGroup = 92F8E6E01FED12A6008770C2 /* Products */;
			projectDirPath = "";
			projectRoot = "";
			targets = (
				92F8E6DE1FED12A6008770C2 /* TestApp */,
			);
		};
/* End PBXProject section */

/* Begin PBXResourcesBuildPhase section */
		92F8E6DD1FED12A6008770C2 /* Resources */ = {
			isa = PBXResourcesBuildPhase;
			buildActionMask = 2147483647;
			files = (
				92F8E6EF1FED12A6008770C2 /* LaunchScreen.storyboard in Resources */,
				92F8E6EC1FED12A6008770C2 /* Assets.xcassets in Resources */,
				92F8E6EA1FED12A6008770C2 /* Main.storyboard in Resources */,
			);
			runOnlyForDeploymentPostprocessing = 0;
		};
/* End PBXResourcesBuildPhase section */

/* Begin PBXSourcesBuildPhase section */
		92F8E6DB1FED12A6008770C2 /* Sources */ = {
			isa = PBXSourcesBuildPhase;
			buildActionMask = 2147483647;
			files = (
				92F8E70C1FED1FF9008770C2 /* Currency.cpp in Sources */,
				92F8E6E71FED12A6008770C2 /* ViewController.mm in Sources */,
				92F8E6F21FED12A6008770C2 /* main.m in Sources */,
				92F8E70F1FED201B008770C2 /* NetworkInterface.cpp in Sources */,
				92F8E6E41FED12A6008770C2 /* AppDelegate.m in Sources */,
				92F8E7181FED48C2008770C2 /* NwImplShort.mm in Sources */,
			);
			runOnlyForDeploymentPostprocessing = 0;
		};
/* End PBXSourcesBuildPhase section */

/* Begin PBXVariantGroup section */
		92F8E6E81FED12A6008770C2 /* Main.storyboard */ = {
			isa = PBXVariantGroup;
			children = (
				92F8E6E91FED12A6008770C2 /* Base */,
			);
			name = Main.storyboard;
			sourceTree = "<group>";
		};
		92F8E6ED1FED12A6008770C2 /* LaunchScreen.storyboard */ = {
			isa = PBXVariantGroup;
			children = (
				92F8E6EE1FED12A6008770C2 /* Base */,
			);
			name = LaunchScreen.storyboard;
			sourceTree = "<group>";
		};
/* End PBXVariantGroup section */

/* Begin XCBuildConfiguration section */
		92F8E6F31FED12A6008770C2 /* Debug */ = {
			isa = XCBuildConfiguration;
			buildSettings = {
				ALWAYS_SEARCH_USER_PATHS = NO;
				CLANG_ANALYZER_NONNULL = YES;
				CLANG_ANALYZER_NUMBER_OBJECT_CONVERSION = YES_AGGRESSIVE;
				CLANG_CXX_LANGUAGE_STANDARD = "gnu++14";
				CLANG_CXX_LIBRARY = "libc++";
				CLANG_ENABLE_MODULES = YES;
				CLANG_ENABLE_OBJC_ARC = YES;
				CLANG_WARN_BLOCK_CAPTURE_AUTORELEASING = YES;
				CLANG_WARN_BOOL_CONVERSION = YES;
				CLANG_WARN_COMMA = YES;
				CLANG_WARN_CONSTANT_CONVERSION = YES;
				CLANG_WARN_DIRECT_OBJC_ISA_USAGE = YES_ERROR;
				CLANG_WARN_DOCUMENTATION_COMMENTS = YES;
				CLANG_WARN_EMPTY_BODY = YES;
				CLANG_WARN_ENUM_CONVERSION = YES;
				CLANG_WARN_INFINITE_RECURSION = YES;
				CLANG_WARN_INT_CONVERSION = YES;
				CLANG_WARN_NON_LITERAL_NULL_CONVERSION = YES;
				CLANG_WARN_OBJC_LITERAL_CONVERSION = YES;
				CLANG_WARN_OBJC_ROOT_CLASS = YES_ERROR;
				CLANG_WARN_RANGE_LOOP_ANALYSIS = YES;
				CLANG_WARN_STRICT_PROTOTYPES = YES;
				CLANG_WARN_SUSPICIOUS_MOVE = YES;
				CLANG_WARN_UNGUARDED_AVAILABILITY = YES_AGGRESSIVE;
				CLANG_WARN_UNREACHABLE_CODE = YES;
				CLANG_WARN__DUPLICATE_METHOD_MATCH = YES;
				CODE_SIGN_IDENTITY = "iPhone Developer";
				COPY_PHASE_STRIP = NO;
				DEBUG_INFORMATION_FORMAT = dwarf;
				ENABLE_STRICT_OBJC_MSGSEND = YES;
				ENABLE_TESTABILITY = YES;
				GCC_C_LANGUAGE_STANDARD = gnu11;
				GCC_DYNAMIC_NO_PIC = NO;
				GCC_NO_COMMON_BLOCKS = YES;
				GCC_OPTIMIZATION_LEVEL = 0;
				GCC_PREPROCESSOR_DEFINITIONS = (
					"DEBUG=1",
					"$(inherited)",
				);
				GCC_WARN_64_TO_32_BIT_CONVERSION = YES;
				GCC_WARN_ABOUT_RETURN_TYPE = YES_ERROR;
				GCC_WARN_UNDECLARED_SELECTOR = YES;
				GCC_WARN_UNINITIALIZED_AUTOS = YES_AGGRESSIVE;
				GCC_WARN_UNUSED_FUNCTION = YES;
				GCC_WARN_UNUSED_VARIABLE = YES;
				IPHONEOS_DEPLOYMENT_TARGET = 11.1;
				MTL_ENABLE_DEBUG_INFO = YES;
				ONLY_ACTIVE_ARCH = YES;
				SDKROOT = iphoneos;
			};
			name = Debug;
		};
		92F8E6F41FED12A6008770C2 /* Release */ = {
			isa = XCBuildConfiguration;
			buildSettings = {
				ALWAYS_SEARCH_USER_PATHS = NO;
				CLANG_ANALYZER_NONNULL = YES;
				CLANG_ANALYZER_NUMBER_OBJECT_CONVERSION = YES_AGGRESSIVE;
				CLANG_CXX_LANGUAGE_STANDARD = "gnu++14";
				CLANG_CXX_LIBRARY = "libc++";
				CLANG_ENABLE_MODULES = YES;
				CLANG_ENABLE_OBJC_ARC = YES;
				CLANG_WARN_BLOCK_CAPTURE_AUTORELEASING = YES;
				CLANG_WARN_BOOL_CONVERSION = YES;
				CLANG_WARN_COMMA = YES;
				CLANG_WARN_CONSTANT_CONVERSION = YES;
				CLANG_WARN_DIRECT_OBJC_ISA_USAGE = YES_ERROR;
				CLANG_WARN_DOCUMENTATION_COMMENTS = YES;
				CLANG_WARN_EMPTY_BODY = YES;
				CLANG_WARN_ENUM_CONVERSION = YES;
				CLANG_WARN_INFINITE_RECURSION = YES;
				CLANG_WARN_INT_CONVERSION = YES;
				CLANG_WARN_NON_LITERAL_NULL_CONVERSION = YES;
				CLANG_WARN_OBJC_LITERAL_CONVERSION = YES;
				CLANG_WARN_OBJC_ROOT_CLASS = YES_ERROR;
				CLANG_WARN_RANGE_LOOP_ANALYSIS = YES;
				CLANG_WARN_STRICT_PROTOTYPES = YES;
				CLANG_WARN_SUSPICIOUS_MOVE = YES;
				CLANG_WARN_UNGUARDED_AVAILABILITY = YES_AGGRESSIVE;
				CLANG_WARN_UNREACHABLE_CODE = YES;
				CLANG_WARN__DUPLICATE_METHOD_MATCH = YES;
				CODE_SIGN_IDENTITY = "iPhone Developer";
				COPY_PHASE_STRIP = NO;
				DEBUG_INFORMATION_FORMAT = "dwarf-with-dsym";
				ENABLE_NS_ASSERTIONS = NO;
				ENABLE_STRICT_OBJC_MSGSEND = YES;
				GCC_C_LANGUAGE_STANDARD = gnu11;
				GCC_NO_COMMON_BLOCKS = YES;
				GCC_WARN_64_TO_32_BIT_CONVERSION = YES;
				GCC_WARN_ABOUT_RETURN_TYPE = YES_ERROR;
				GCC_WARN_UNDECLARED_SELECTOR = YES;
				GCC_WARN_UNINITIALIZED_AUTOS = YES_AGGRESSIVE;
				GCC_WARN_UNUSED_FUNCTION = YES;
				GCC_WARN_UNUSED_VARIABLE = YES;
				IPHONEOS_DEPLOYMENT_TARGET = 11.1;
				MTL_ENABLE_DEBUG_INFO = NO;
				SDKROOT = iphoneos;
				VALIDATE_PRODUCT = YES;
			};
			name = Release;
		};
		92F8E6F61FED12A6008770C2 /* Debug */ = {
			isa = XCBuildConfiguration;
			buildSettings = {
				ASSETCATALOG_COMPILER_APPICON_NAME = AppIcon;
				CODE_SIGN_STYLE = Automatic;
				INFOPLIST_FILE = TestApp/Info.plist;
				LD_RUNPATH_SEARCH_PATHS = "$(inherited) @executable_path/Frameworks";
				PRODUCT_BUNDLE_IDENTIFIER = no.vipps.TestApp;
				PRODUCT_NAME = "$(TARGET_NAME)";
				TARGETED_DEVICE_FAMILY = "1,2";
			};
			name = Debug;
		};
		92F8E6F71FED12A6008770C2 /* Release */ = {
			isa = XCBuildConfiguration;
			buildSettings = {
				ASSETCATALOG_COMPILER_APPICON_NAME = AppIcon;
				CODE_SIGN_STYLE = Automatic;
				INFOPLIST_FILE = TestApp/Info.plist;
				LD_RUNPATH_SEARCH_PATHS = "$(inherited) @executable_path/Frameworks";
				PRODUCT_BUNDLE_IDENTIFIER = no.vipps.TestApp;
				PRODUCT_NAME = "$(TARGET_NAME)";
				TARGETED_DEVICE_FAMILY = "1,2";
			};
			name = Release;
		};
/* End XCBuildConfiguration section */

/* Begin XCConfigurationList section */
		92F8E6DA1FED12A6008770C2 /* Build configuration list for PBXProject "TestApp" */ = {
			isa = XCConfigurationList;
			buildConfigurations = (
				92F8E6F31FED12A6008770C2 /* Debug */,
				92F8E6F41FED12A6008770C2 /* Release */,
			);
			defaultConfigurationIsVisible = 0;
			defaultConfigurationName = Release;
		};
		92F8E6F51FED12A6008770C2 /* Build configuration list for PBXNativeTarget "TestApp" */ = {
			isa = XCConfigurationList;
			buildConfigurations = (
				92F8E6F61FED12A6008770C2 /* Debug */,
				92F8E6F71FED12A6008770C2 /* Release */,
			);
			defaultConfigurationIsVisible = 0;
			defaultConfigurationName = Release;
		};
/* End XCConfigurationList section */
	};
	rootObject = 92F8E6D71FED12A6008770C2 /* Project object */;
}
